// !$*UTF8*$!
{
	archiveVersion = 1;
	classes = {
	};
	objectVersion = 50;
	objects = {

/* Begin PBXBuildFile section */
		9C0D1DCB2525F9E500B73A3F /* AppDelegate.swift in Sources */ = {isa = PBXBuildFile; fileRef = 9C0D1DCA2525F9E500B73A3F /* AppDelegate.swift */; };
		9C0D1DCD2525F9E500B73A3F /* SceneDelegate.swift in Sources */ = {isa = PBXBuildFile; fileRef = 9C0D1DCC2525F9E500B73A3F /* SceneDelegate.swift */; };
		9C0D1DCF2525F9E500B73A3F /* StoriesListViewController.swift in Sources */ = {isa = PBXBuildFile; fileRef = 9C0D1DCE2525F9E500B73A3F /* StoriesListViewController.swift */; };
		9C0D1DD22525F9E500B73A3F /* Main.storyboard in Resources */ = {isa = PBXBuildFile; fileRef = 9C0D1DD02525F9E500B73A3F /* Main.storyboard */; };
		9C0D1DD42525F9E800B73A3F /* Assets.xcassets in Resources */ = {isa = PBXBuildFile; fileRef = 9C0D1DD32525F9E800B73A3F /* Assets.xcassets */; };
		9C0D1DD72525F9E800B73A3F /* LaunchScreen.storyboard in Resources */ = {isa = PBXBuildFile; fileRef = 9C0D1DD52525F9E800B73A3F /* LaunchScreen.storyboard */; };
		9C0D1DE22525F9E800B73A3F /* DisplayStoriesUseCaseTests.swift in Sources */ = {isa = PBXBuildFile; fileRef = 9C0D1DE12525F9E800B73A3F /* DisplayStoriesUseCaseTests.swift */; };
		9C0D1DF12526158B00B73A3F /* DisplayStoriesListUseCase.swift in Sources */ = {isa = PBXBuildFile; fileRef = 9C0D1DF02526158B00B73A3F /* DisplayStoriesListUseCase.swift */; };
		9C0D1DF32526191F00B73A3F /* Result.swift in Sources */ = {isa = PBXBuildFile; fileRef = 9C0D1DF22526191F00B73A3F /* Result.swift */; };
		9C0D1DF625261A1600B73A3F /* Story.swift in Sources */ = {isa = PBXBuildFile; fileRef = 9C0D1DF525261A1600B73A3F /* Story.swift */; };
		9C0D1DFD252633B600B73A3F /* StoriesRepositoryImplementation.swift in Sources */ = {isa = PBXBuildFile; fileRef = 9C0D1DFC252633B600B73A3F /* StoriesRepositoryImplementation.swift */; };
		9C0D1E01252634BD00B73A3F /* FakeStoriesRepository.swift in Sources */ = {isa = PBXBuildFile; fileRef = 9C0D1E00252634BD00B73A3F /* FakeStoriesRepository.swift */; };
		9C0D1E0625264D5100B73A3F /* StoriesRepositoryTests.swift in Sources */ = {isa = PBXBuildFile; fileRef = 9C0D1E0525264D5100B73A3F /* StoriesRepositoryTests.swift */; };
		9C0D1E0A25264F5E00B73A3F /* StoriesLocalGateway.swift in Sources */ = {isa = PBXBuildFile; fileRef = 9C0D1E0925264F5E00B73A3F /* StoriesLocalGateway.swift */; };
		9C0D1E0C25264FF200B73A3F /* FakeStoriesLocalGateway.swift in Sources */ = {isa = PBXBuildFile; fileRef = 9C0D1E0B25264FF200B73A3F /* FakeStoriesLocalGateway.swift */; };
		9C0D1E0E252747EB00B73A3F /* RequestNewStoriesUseCaseTests.swift in Sources */ = {isa = PBXBuildFile; fileRef = 9C0D1E0D252747EB00B73A3F /* RequestNewStoriesUseCaseTests.swift */; };
		9C0D1E102527493000B73A3F /* RequestNewStoriesUseCase.swift in Sources */ = {isa = PBXBuildFile; fileRef = 9C0D1E0F2527493000B73A3F /* RequestNewStoriesUseCase.swift */; };
		9C0D1E1225276FE300B73A3F /* StoriesGatewayImplementation.swift in Sources */ = {isa = PBXBuildFile; fileRef = 9C0D1E1125276FE300B73A3F /* StoriesGatewayImplementation.swift */; };
		9C0D1E142527750800B73A3F /* FakeStoriesGateway.swift in Sources */ = {isa = PBXBuildFile; fileRef = 9C0D1E132527750800B73A3F /* FakeStoriesGateway.swift */; };
		9C0D1E172529D5AA00B73A3F /* URLSessionProtocol.swift in Sources */ = {isa = PBXBuildFile; fileRef = 9C0D1E162529D5AA00B73A3F /* URLSessionProtocol.swift */; };
		9C0D1E1B2529D87600B73A3F /* URLSessionStub.swift in Sources */ = {isa = PBXBuildFile; fileRef = 9C0D1E1A2529D87600B73A3F /* URLSessionStub.swift */; };
		9C0D1E1D2529D9D500B73A3F /* StoriesGatewayTest.swift in Sources */ = {isa = PBXBuildFile; fileRef = 9C0D1E1C2529D9D500B73A3F /* StoriesGatewayTest.swift */; };
		9C40617A252F77C9002CDA3E /* StoryViewCell.swift in Sources */ = {isa = PBXBuildFile; fileRef = 9C406179252F77C9002CDA3E /* StoryViewCell.swift */; };
		9CB70E892534CC0C0096FA25 /* BaseStoriesListPresenter.swift in Sources */ = {isa = PBXBuildFile; fileRef = 9CB70E882534CC0C0096FA25 /* BaseStoriesListPresenter.swift */; };
		9CF73F39252F9CFA00DBD943 /* StoriesListPresenterTests.swift in Sources */ = {isa = PBXBuildFile; fileRef = 9CF73F38252F9CFA00DBD943 /* StoriesListPresenterTests.swift */; };
		9CF73F3B252F9DBC00DBD943 /* StoriesListPresenter.swift in Sources */ = {isa = PBXBuildFile; fileRef = 9CF73F3A252F9DBC00DBD943 /* StoriesListPresenter.swift */; };
		9CF73F3E252FA1C100DBD943 /* StoriesListViewSpy.swift in Sources */ = {isa = PBXBuildFile; fileRef = 9CF73F3D252FA1C100DBD943 /* StoriesListViewSpy.swift */; };
		9CF73F4025309E9100DBD943 /* StoryCellViewSpy.swift in Sources */ = {isa = PBXBuildFile; fileRef = 9CF73F3F25309E9100DBD943 /* StoryCellViewSpy.swift */; };
		9CF73F422530A9BD00DBD943 /* AppEnvironment.swift in Sources */ = {isa = PBXBuildFile; fileRef = 9CF73F412530A9BD00DBD943 /* AppEnvironment.swift */; };
		9CF73F442530AFAA00DBD943 /* StoriesListViewConfigurator.swift in Sources */ = {isa = PBXBuildFile; fileRef = 9CF73F432530AFAA00DBD943 /* StoriesListViewConfigurator.swift */; };
		9CF73F462530C4A200DBD943 /* TabBarViewController.swift in Sources */ = {isa = PBXBuildFile; fileRef = 9CF73F452530C4A200DBD943 /* TabBarViewController.swift */; };
		9CF73F482530E99200DBD943 /* ViewRouter.swift in Sources */ = {isa = PBXBuildFile; fileRef = 9CF73F472530E99200DBD943 /* ViewRouter.swift */; };
		9CF73F4A2530E9C800DBD943 /* StoriesListViewRouter.swift in Sources */ = {isa = PBXBuildFile; fileRef = 9CF73F492530E9C800DBD943 /* StoriesListViewRouter.swift */; };
		9CF73F4D2530ED3500DBD943 /* StoriesListViewRouterSpy.swift in Sources */ = {isa = PBXBuildFile; fileRef = 9CF73F4C2530ED3500DBD943 /* StoriesListViewRouterSpy.swift */; };
		9CF73F4F2530F33F00DBD943 /* StoryPresenterTests.swift in Sources */ = {isa = PBXBuildFile; fileRef = 9CF73F4E2530F33F00DBD943 /* StoryPresenterTests.swift */; };
		9CF73F512530F35700DBD943 /* StoryPresenter.swift in Sources */ = {isa = PBXBuildFile; fileRef = 9CF73F502530F35700DBD943 /* StoryPresenter.swift */; };
		9CF73F532530F6C200DBD943 /* ParagraphCellViewSpy.swift in Sources */ = {isa = PBXBuildFile; fileRef = 9CF73F522530F6C200DBD943 /* ParagraphCellViewSpy.swift */; };
		9CF73F8B253207BA00DBD943 /* StoryViewSpy.swift in Sources */ = {isa = PBXBuildFile; fileRef = 9CF73F8A253207BA00DBD943 /* StoryViewSpy.swift */; };
		9CF73F8D253216ED00DBD943 /* StoryViewConfigurator.swift in Sources */ = {isa = PBXBuildFile; fileRef = 9CF73F8C253216ED00DBD943 /* StoryViewConfigurator.swift */; };
		9CF73F8F2532173F00DBD943 /* StoryViewController.swift in Sources */ = {isa = PBXBuildFile; fileRef = 9CF73F8E2532173F00DBD943 /* StoryViewController.swift */; };
		9CF73F9125321E9300DBD943 /* ParagraphViewCell.swift in Sources */ = {isa = PBXBuildFile; fileRef = 9CF73F9025321E9300DBD943 /* ParagraphViewCell.swift */; };
		9CF73F932532317600DBD943 /* FloatActionButton.swift in Sources */ = {isa = PBXBuildFile; fileRef = 9CF73F922532317600DBD943 /* FloatActionButton.swift */; };
		9CF73F952534C46500DBD943 /* FavoritesListPresenterTests.swift in Sources */ = {isa = PBXBuildFile; fileRef = 9CF73F942534C46500DBD943 /* FavoritesListPresenterTests.swift */; };
		9CF73F982534C53700DBD943 /* FavoritesListPresenter.swift in Sources */ = {isa = PBXBuildFile; fileRef = 9CF73F972534C53700DBD943 /* FavoritesListPresenter.swift */; };
		9CF942072529F6B30089801D /* StoriesEntity.swift in Sources */ = {isa = PBXBuildFile; fileRef = 9CF942062529F6B30089801D /* StoriesEntity.swift */; };
		9CF9420B252B01A30089801D /* Kingfisher.framework in Frameworks */ = {isa = PBXBuildFile; fileRef = 9CF94209252B01A30089801D /* Kingfisher.framework */; };
		9CF9420C252B01A30089801D /* Kingfisher.framework in Embed Frameworks */ = {isa = PBXBuildFile; fileRef = 9CF94209252B01A30089801D /* Kingfisher.framework */; settings = {ATTRIBUTES = (CodeSignOnCopy, RemoveHeadersOnCopy, ); }; };
		9CF9420D252B01A40089801D /* SwiftSoup.framework in Frameworks */ = {isa = PBXBuildFile; fileRef = 9CF9420A252B01A30089801D /* SwiftSoup.framework */; };
		9CF9420E252B01A40089801D /* SwiftSoup.framework in Embed Frameworks */ = {isa = PBXBuildFile; fileRef = 9CF9420A252B01A30089801D /* SwiftSoup.framework */; settings = {ATTRIBUTES = (CodeSignOnCopy, RemoveHeadersOnCopy, ); }; };
		9CF94212252B02E30089801D /* HtmlParser.swift in Sources */ = {isa = PBXBuildFile; fileRef = 9CF94211252B02E30089801D /* HtmlParser.swift */; };
		9CF94214252B04000089801D /* FakeHtmlParser.swift in Sources */ = {isa = PBXBuildFile; fileRef = 9CF94213252B04000089801D /* FakeHtmlParser.swift */; };
		9CF94216252B09910089801D /* HtmlParserTests.swift in Sources */ = {isa = PBXBuildFile; fileRef = 9CF94215252B09910089801D /* HtmlParserTests.swift */; };
		9CF94219252CE9D20089801D /* CoreDataStoriesLocalGateway.swift in Sources */ = {isa = PBXBuildFile; fileRef = 9CF94218252CE9D20089801D /* CoreDataStoriesLocalGateway.swift */; };
		9CF9421D252CF1CF0089801D /* StoriesLocalGatewayTests.swift in Sources */ = {isa = PBXBuildFile; fileRef = 9CF9421C252CF1CF0089801D /* StoriesLocalGatewayTests.swift */; };
		9CF9421F252F45660089801D /* StoriesRepository.swift in Sources */ = {isa = PBXBuildFile; fileRef = 9CF9421E252F45660089801D /* StoriesRepository.swift */; };
		9CF94221252F469E0089801D /* StoriesGateway.swift in Sources */ = {isa = PBXBuildFile; fileRef = 9CF94220252F469E0089801D /* StoriesGateway.swift */; };
/* End PBXBuildFile section */

/* Begin PBXContainerItemProxy section */
		9C0D1DDE2525F9E800B73A3F /* PBXContainerItemProxy */ = {
			isa = PBXContainerItemProxy;
			containerPortal = 9C0D1DBF2525F9E500B73A3F /* Project object */;
			proxyType = 1;
			remoteGlobalIDString = 9C0D1DC62525F9E500B73A3F;
			remoteInfo = HistoriasInfantis;
		};
/* End PBXContainerItemProxy section */

/* Begin PBXCopyFilesBuildPhase section */
		9CF9420F252B01A40089801D /* Embed Frameworks */ = {
			isa = PBXCopyFilesBuildPhase;
			buildActionMask = 2147483647;
			dstPath = "";
			dstSubfolderSpec = 10;
			files = (
				9CF9420C252B01A30089801D /* Kingfisher.framework in Embed Frameworks */,
				9CF9420E252B01A40089801D /* SwiftSoup.framework in Embed Frameworks */,
			);
			name = "Embed Frameworks";
			runOnlyForDeploymentPostprocessing = 0;
		};
/* End PBXCopyFilesBuildPhase section */

/* Begin PBXFileReference section */
		9C0D1DC72525F9E500B73A3F /* HistoriasInfantis.app */ = {isa = PBXFileReference; explicitFileType = wrapper.application; includeInIndex = 0; path = HistoriasInfantis.app; sourceTree = BUILT_PRODUCTS_DIR; };
		9C0D1DCA2525F9E500B73A3F /* AppDelegate.swift */ = {isa = PBXFileReference; lastKnownFileType = sourcecode.swift; path = AppDelegate.swift; sourceTree = "<group>"; };
		9C0D1DCC2525F9E500B73A3F /* SceneDelegate.swift */ = {isa = PBXFileReference; lastKnownFileType = sourcecode.swift; path = SceneDelegate.swift; sourceTree = "<group>"; };
		9C0D1DCE2525F9E500B73A3F /* StoriesListViewController.swift */ = {isa = PBXFileReference; lastKnownFileType = sourcecode.swift; path = StoriesListViewController.swift; sourceTree = "<group>"; };
		9C0D1DD12525F9E500B73A3F /* Base */ = {isa = PBXFileReference; lastKnownFileType = file.storyboard; name = Base; path = Base.lproj/Main.storyboard; sourceTree = "<group>"; };
		9C0D1DD32525F9E800B73A3F /* Assets.xcassets */ = {isa = PBXFileReference; lastKnownFileType = folder.assetcatalog; path = Assets.xcassets; sourceTree = "<group>"; };
		9C0D1DD62525F9E800B73A3F /* Base */ = {isa = PBXFileReference; lastKnownFileType = file.storyboard; name = Base; path = Base.lproj/LaunchScreen.storyboard; sourceTree = "<group>"; };
		9C0D1DD82525F9E800B73A3F /* Info.plist */ = {isa = PBXFileReference; lastKnownFileType = text.plist.xml; path = Info.plist; sourceTree = "<group>"; };
		9C0D1DDD2525F9E800B73A3F /* HistoriasInfantisTests.xctest */ = {isa = PBXFileReference; explicitFileType = wrapper.cfbundle; includeInIndex = 0; path = HistoriasInfantisTests.xctest; sourceTree = BUILT_PRODUCTS_DIR; };
		9C0D1DE12525F9E800B73A3F /* DisplayStoriesUseCaseTests.swift */ = {isa = PBXFileReference; lastKnownFileType = sourcecode.swift; path = DisplayStoriesUseCaseTests.swift; sourceTree = "<group>"; };
		9C0D1DE32525F9E800B73A3F /* Info.plist */ = {isa = PBXFileReference; lastKnownFileType = text.plist.xml; path = Info.plist; sourceTree = "<group>"; };
		9C0D1DF02526158B00B73A3F /* DisplayStoriesListUseCase.swift */ = {isa = PBXFileReference; lastKnownFileType = sourcecode.swift; path = DisplayStoriesListUseCase.swift; sourceTree = "<group>"; };
		9C0D1DF22526191F00B73A3F /* Result.swift */ = {isa = PBXFileReference; lastKnownFileType = sourcecode.swift; path = Result.swift; sourceTree = "<group>"; };
		9C0D1DF525261A1600B73A3F /* Story.swift */ = {isa = PBXFileReference; lastKnownFileType = sourcecode.swift; path = Story.swift; sourceTree = "<group>"; };
		9C0D1DFC252633B600B73A3F /* StoriesRepositoryImplementation.swift */ = {isa = PBXFileReference; lastKnownFileType = sourcecode.swift; path = StoriesRepositoryImplementation.swift; sourceTree = "<group>"; };
		9C0D1E00252634BD00B73A3F /* FakeStoriesRepository.swift */ = {isa = PBXFileReference; lastKnownFileType = sourcecode.swift; path = FakeStoriesRepository.swift; sourceTree = "<group>"; };
		9C0D1E0525264D5100B73A3F /* StoriesRepositoryTests.swift */ = {isa = PBXFileReference; lastKnownFileType = sourcecode.swift; path = StoriesRepositoryTests.swift; sourceTree = "<group>"; };
		9C0D1E0925264F5E00B73A3F /* StoriesLocalGateway.swift */ = {isa = PBXFileReference; lastKnownFileType = sourcecode.swift; path = StoriesLocalGateway.swift; sourceTree = "<group>"; };
		9C0D1E0B25264FF200B73A3F /* FakeStoriesLocalGateway.swift */ = {isa = PBXFileReference; lastKnownFileType = sourcecode.swift; path = FakeStoriesLocalGateway.swift; sourceTree = "<group>"; };
		9C0D1E0D252747EB00B73A3F /* RequestNewStoriesUseCaseTests.swift */ = {isa = PBXFileReference; lastKnownFileType = sourcecode.swift; path = RequestNewStoriesUseCaseTests.swift; sourceTree = "<group>"; };
		9C0D1E0F2527493000B73A3F /* RequestNewStoriesUseCase.swift */ = {isa = PBXFileReference; lastKnownFileType = sourcecode.swift; path = RequestNewStoriesUseCase.swift; sourceTree = "<group>"; };
		9C0D1E1125276FE300B73A3F /* StoriesGatewayImplementation.swift */ = {isa = PBXFileReference; lastKnownFileType = sourcecode.swift; path = StoriesGatewayImplementation.swift; sourceTree = "<group>"; };
		9C0D1E132527750800B73A3F /* FakeStoriesGateway.swift */ = {isa = PBXFileReference; lastKnownFileType = sourcecode.swift; path = FakeStoriesGateway.swift; sourceTree = "<group>"; };
		9C0D1E162529D5AA00B73A3F /* URLSessionProtocol.swift */ = {isa = PBXFileReference; lastKnownFileType = sourcecode.swift; path = URLSessionProtocol.swift; sourceTree = "<group>"; };
		9C0D1E1A2529D87600B73A3F /* URLSessionStub.swift */ = {isa = PBXFileReference; lastKnownFileType = sourcecode.swift; path = URLSessionStub.swift; sourceTree = "<group>"; };
		9C0D1E1C2529D9D500B73A3F /* StoriesGatewayTest.swift */ = {isa = PBXFileReference; lastKnownFileType = sourcecode.swift; path = StoriesGatewayTest.swift; sourceTree = "<group>"; };
		9C406179252F77C9002CDA3E /* StoryViewCell.swift */ = {isa = PBXFileReference; lastKnownFileType = sourcecode.swift; path = StoryViewCell.swift; sourceTree = "<group>"; };
		9CB70E882534CC0C0096FA25 /* BaseStoriesListPresenter.swift */ = {isa = PBXFileReference; lastKnownFileType = sourcecode.swift; path = BaseStoriesListPresenter.swift; sourceTree = "<group>"; };
		9CF73F38252F9CFA00DBD943 /* StoriesListPresenterTests.swift */ = {isa = PBXFileReference; lastKnownFileType = sourcecode.swift; path = StoriesListPresenterTests.swift; sourceTree = "<group>"; };
		9CF73F3A252F9DBC00DBD943 /* StoriesListPresenter.swift */ = {isa = PBXFileReference; lastKnownFileType = sourcecode.swift; path = StoriesListPresenter.swift; sourceTree = "<group>"; };
		9CF73F3D252FA1C100DBD943 /* StoriesListViewSpy.swift */ = {isa = PBXFileReference; lastKnownFileType = sourcecode.swift; path = StoriesListViewSpy.swift; sourceTree = "<group>"; };
		9CF73F3F25309E9100DBD943 /* StoryCellViewSpy.swift */ = {isa = PBXFileReference; lastKnownFileType = sourcecode.swift; path = StoryCellViewSpy.swift; sourceTree = "<group>"; };
		9CF73F412530A9BD00DBD943 /* AppEnvironment.swift */ = {isa = PBXFileReference; lastKnownFileType = sourcecode.swift; path = AppEnvironment.swift; sourceTree = "<group>"; };
		9CF73F432530AFAA00DBD943 /* StoriesListViewConfigurator.swift */ = {isa = PBXFileReference; lastKnownFileType = sourcecode.swift; path = StoriesListViewConfigurator.swift; sourceTree = "<group>"; };
		9CF73F452530C4A200DBD943 /* TabBarViewController.swift */ = {isa = PBXFileReference; lastKnownFileType = sourcecode.swift; path = TabBarViewController.swift; sourceTree = "<group>"; };
		9CF73F472530E99200DBD943 /* ViewRouter.swift */ = {isa = PBXFileReference; lastKnownFileType = sourcecode.swift; path = ViewRouter.swift; sourceTree = "<group>"; };
		9CF73F492530E9C800DBD943 /* StoriesListViewRouter.swift */ = {isa = PBXFileReference; lastKnownFileType = sourcecode.swift; path = StoriesListViewRouter.swift; sourceTree = "<group>"; };
		9CF73F4C2530ED3500DBD943 /* StoriesListViewRouterSpy.swift */ = {isa = PBXFileReference; lastKnownFileType = sourcecode.swift; path = StoriesListViewRouterSpy.swift; sourceTree = "<group>"; };
		9CF73F4E2530F33F00DBD943 /* StoryPresenterTests.swift */ = {isa = PBXFileReference; lastKnownFileType = sourcecode.swift; path = StoryPresenterTests.swift; sourceTree = "<group>"; };
		9CF73F502530F35700DBD943 /* StoryPresenter.swift */ = {isa = PBXFileReference; lastKnownFileType = sourcecode.swift; path = StoryPresenter.swift; sourceTree = "<group>"; };
		9CF73F522530F6C200DBD943 /* ParagraphCellViewSpy.swift */ = {isa = PBXFileReference; lastKnownFileType = sourcecode.swift; path = ParagraphCellViewSpy.swift; sourceTree = "<group>"; };
		9CF73F8A253207BA00DBD943 /* StoryViewSpy.swift */ = {isa = PBXFileReference; lastKnownFileType = sourcecode.swift; path = StoryViewSpy.swift; sourceTree = "<group>"; };
		9CF73F8C253216ED00DBD943 /* StoryViewConfigurator.swift */ = {isa = PBXFileReference; lastKnownFileType = sourcecode.swift; path = StoryViewConfigurator.swift; sourceTree = "<group>"; };
		9CF73F8E2532173F00DBD943 /* StoryViewController.swift */ = {isa = PBXFileReference; lastKnownFileType = sourcecode.swift; path = StoryViewController.swift; sourceTree = "<group>"; };
		9CF73F9025321E9300DBD943 /* ParagraphViewCell.swift */ = {isa = PBXFileReference; lastKnownFileType = sourcecode.swift; path = ParagraphViewCell.swift; sourceTree = "<group>"; };
		9CF73F922532317600DBD943 /* FloatActionButton.swift */ = {isa = PBXFileReference; lastKnownFileType = sourcecode.swift; path = FloatActionButton.swift; sourceTree = "<group>"; };
		9CF73F942534C46500DBD943 /* FavoritesListPresenterTests.swift */ = {isa = PBXFileReference; lastKnownFileType = sourcecode.swift; path = FavoritesListPresenterTests.swift; sourceTree = "<group>"; };
		9CF73F972534C53700DBD943 /* FavoritesListPresenter.swift */ = {isa = PBXFileReference; lastKnownFileType = sourcecode.swift; path = FavoritesListPresenter.swift; sourceTree = "<group>"; };
		9CF942062529F6B30089801D /* StoriesEntity.swift */ = {isa = PBXFileReference; lastKnownFileType = sourcecode.swift; path = StoriesEntity.swift; sourceTree = "<group>"; };
		9CF94209252B01A30089801D /* Kingfisher.framework */ = {isa = PBXFileReference; lastKnownFileType = wrapper.framework; name = Kingfisher.framework; path = Carthage/Build/iOS/Kingfisher.framework; sourceTree = "<group>"; };
		9CF9420A252B01A30089801D /* SwiftSoup.framework */ = {isa = PBXFileReference; lastKnownFileType = wrapper.framework; name = SwiftSoup.framework; path = Carthage/Build/iOS/SwiftSoup.framework; sourceTree = "<group>"; };
		9CF94211252B02E30089801D /* HtmlParser.swift */ = {isa = PBXFileReference; lastKnownFileType = sourcecode.swift; path = HtmlParser.swift; sourceTree = "<group>"; };
		9CF94213252B04000089801D /* FakeHtmlParser.swift */ = {isa = PBXFileReference; lastKnownFileType = sourcecode.swift; path = FakeHtmlParser.swift; sourceTree = "<group>"; };
		9CF94215252B09910089801D /* HtmlParserTests.swift */ = {isa = PBXFileReference; lastKnownFileType = sourcecode.swift; name = HtmlParserTests.swift; path = HistoriasInfantisTests/Data/HtmlParserTests.swift; sourceTree = SOURCE_ROOT; };
		9CF94218252CE9D20089801D /* CoreDataStoriesLocalGateway.swift */ = {isa = PBXFileReference; lastKnownFileType = sourcecode.swift; path = CoreDataStoriesLocalGateway.swift; sourceTree = "<group>"; };
		9CF9421C252CF1CF0089801D /* StoriesLocalGatewayTests.swift */ = {isa = PBXFileReference; lastKnownFileType = sourcecode.swift; path = StoriesLocalGatewayTests.swift; sourceTree = "<group>"; };
		9CF9421E252F45660089801D /* StoriesRepository.swift */ = {isa = PBXFileReference; lastKnownFileType = sourcecode.swift; path = StoriesRepository.swift; sourceTree = "<group>"; };
		9CF94220252F469E0089801D /* StoriesGateway.swift */ = {isa = PBXFileReference; lastKnownFileType = sourcecode.swift; path = StoriesGateway.swift; sourceTree = "<group>"; };
/* End PBXFileReference section */

/* Begin PBXFrameworksBuildPhase section */
		9C0D1DC42525F9E500B73A3F /* Frameworks */ = {
			isa = PBXFrameworksBuildPhase;
			buildActionMask = 2147483647;
			files = (
				9CF9420B252B01A30089801D /* Kingfisher.framework in Frameworks */,
				9CF9420D252B01A40089801D /* SwiftSoup.framework in Frameworks */,
			);
			runOnlyForDeploymentPostprocessing = 0;
		};
		9C0D1DDA2525F9E800B73A3F /* Frameworks */ = {
			isa = PBXFrameworksBuildPhase;
			buildActionMask = 2147483647;
			files = (
			);
			runOnlyForDeploymentPostprocessing = 0;
		};
/* End PBXFrameworksBuildPhase section */

/* Begin PBXGroup section */
		9C0D1DBE2525F9E500B73A3F = {
			isa = PBXGroup;
			children = (
				9C0D1DC92525F9E500B73A3F /* HistoriasInfantis */,
				9C0D1DE02525F9E800B73A3F /* HistoriasInfantisTests */,
				9C0D1DC82525F9E500B73A3F /* Products */,
				9CF94208252B01A30089801D /* Frameworks */,
			);
			sourceTree = "<group>";
		};
		9C0D1DC82525F9E500B73A3F /* Products */ = {
			isa = PBXGroup;
			children = (
				9C0D1DC72525F9E500B73A3F /* HistoriasInfantis.app */,
				9C0D1DDD2525F9E800B73A3F /* HistoriasInfantisTests.xctest */,
			);
			name = Products;
			sourceTree = "<group>";
		};
		9C0D1DC92525F9E500B73A3F /* HistoriasInfantis */ = {
			isa = PBXGroup;
			children = (
				9C0D1DEE252611C100B73A3F /* Domain */,
				9C0D1DFB2526334D00B73A3F /* Data */,
				9C0D1DED2525FC4D00B73A3F /* Presentation */,
				9C0D1DEC2525FA8000B73A3F /* System */,
				9C0D1DD52525F9E800B73A3F /* LaunchScreen.storyboard */,
				9C0D1DD32525F9E800B73A3F /* Assets.xcassets */,
				9C0D1DD82525F9E800B73A3F /* Info.plist */,
			);
			path = HistoriasInfantis;
			sourceTree = "<group>";
		};
		9C0D1DE02525F9E800B73A3F /* HistoriasInfantisTests */ = {
			isa = PBXGroup;
			children = (
				9C0D1DFE252634A500B73A3F /* Doubles */,
				9C0D1DF925262D6000B73A3F /* UseCases */,
				9C0D1E0425264D1D00B73A3F /* Data */,
				9CF73F37252F9CC000DBD943 /* Presentation */,
				9C0D1DE32525F9E800B73A3F /* Info.plist */,
			);
			path = HistoriasInfantisTests;
			sourceTree = "<group>";
		};
		9C0D1DEC2525FA8000B73A3F /* System */ = {
			isa = PBXGroup;
			children = (
				9C0D1DCA2525F9E500B73A3F /* AppDelegate.swift */,
				9C0D1DCC2525F9E500B73A3F /* SceneDelegate.swift */,
				9CF73F412530A9BD00DBD943 /* AppEnvironment.swift */,
			);
			path = System;
			sourceTree = "<group>";
		};
		9C0D1DED2525FC4D00B73A3F /* Presentation */ = {
			isa = PBXGroup;
			children = (
				9CF73F452530C4A200DBD943 /* TabBarViewController.swift */,
				9C406178252F774E002CDA3E /* StoriesList */,
				9CF73F4B2530EC9000DBD943 /* Story */,
				9C40617B252F8048002CDA3E /* UI */,
				9CF73F472530E99200DBD943 /* ViewRouter.swift */,
			);
			path = Presentation;
			sourceTree = "<group>";
		};
		9C0D1DEE252611C100B73A3F /* Domain */ = {
			isa = PBXGroup;
			children = (
				9C0D1DEF252614F500B73A3F /* UseCases */,
				9C0D1DF4252619EF00B73A3F /* Models */,
				9C0D1DF22526191F00B73A3F /* Result.swift */,
				9CF9421E252F45660089801D /* StoriesRepository.swift */,
			);
			path = Domain;
			sourceTree = "<group>";
		};
		9C0D1DEF252614F500B73A3F /* UseCases */ = {
			isa = PBXGroup;
			children = (
				9C0D1DF02526158B00B73A3F /* DisplayStoriesListUseCase.swift */,
				9C0D1E0F2527493000B73A3F /* RequestNewStoriesUseCase.swift */,
			);
			path = UseCases;
			sourceTree = "<group>";
		};
		9C0D1DF4252619EF00B73A3F /* Models */ = {
			isa = PBXGroup;
			children = (
				9C0D1DF525261A1600B73A3F /* Story.swift */,
			);
			path = Models;
			sourceTree = "<group>";
		};
		9C0D1DF925262D6000B73A3F /* UseCases */ = {
			isa = PBXGroup;
			children = (
				9C0D1DE12525F9E800B73A3F /* DisplayStoriesUseCaseTests.swift */,
				9C0D1E0D252747EB00B73A3F /* RequestNewStoriesUseCaseTests.swift */,
			);
			path = UseCases;
			sourceTree = "<group>";
		};
		9C0D1DFB2526334D00B73A3F /* Data */ = {
			isa = PBXGroup;
			children = (
				9C0D1E152529D48200B73A3F /* API */,
				9CF94217252CE94B0089801D /* CoreData */,
				9CF94220252F469E0089801D /* StoriesGateway.swift */,
				9C0D1E0925264F5E00B73A3F /* StoriesLocalGateway.swift */,
				9C0D1DFC252633B600B73A3F /* StoriesRepositoryImplementation.swift */,
			);
			path = Data;
			sourceTree = "<group>";
		};
		9C0D1DFE252634A500B73A3F /* Doubles */ = {
			isa = PBXGroup;
			children = (
				9C0D1DFF252634AF00B73A3F /* Data */,
				9CF73F3C252FA17300DBD943 /* Presentation */,
			);
			path = Doubles;
			sourceTree = "<group>";
		};
		9C0D1DFF252634AF00B73A3F /* Data */ = {
			isa = PBXGroup;
			children = (
				9C0D1E00252634BD00B73A3F /* FakeStoriesRepository.swift */,
				9C0D1E0B25264FF200B73A3F /* FakeStoriesLocalGateway.swift */,
				9C0D1E132527750800B73A3F /* FakeStoriesGateway.swift */,
				9CF94213252B04000089801D /* FakeHtmlParser.swift */,
				9C0D1E1A2529D87600B73A3F /* URLSessionStub.swift */,
			);
			path = Data;
			sourceTree = "<group>";
		};
		9C0D1E0425264D1D00B73A3F /* Data */ = {
			isa = PBXGroup;
			children = (
				9C0D1E0525264D5100B73A3F /* StoriesRepositoryTests.swift */,
				9C0D1E1C2529D9D500B73A3F /* StoriesGatewayTest.swift */,
				9CF94215252B09910089801D /* HtmlParserTests.swift */,
				9CF9421C252CF1CF0089801D /* StoriesLocalGatewayTests.swift */,
			);
			path = Data;
			sourceTree = "<group>";
		};
		9C0D1E152529D48200B73A3F /* API */ = {
			isa = PBXGroup;
			children = (
				9CF942062529F6B30089801D /* StoriesEntity.swift */,
				9C0D1E1125276FE300B73A3F /* StoriesGatewayImplementation.swift */,
				9C0D1E162529D5AA00B73A3F /* URLSessionProtocol.swift */,
				9CF94211252B02E30089801D /* HtmlParser.swift */,
			);
			path = API;
			sourceTree = "<group>";
		};
		9C406178252F774E002CDA3E /* StoriesList */ = {
			isa = PBXGroup;
			children = (
				9CB70E882534CC0C0096FA25 /* BaseStoriesListPresenter.swift */,
				9CF73F962534C51900DBD943 /* FavoritesList */,
				9CF73F432530AFAA00DBD943 /* StoriesListViewConfigurator.swift */,
				9CF73F492530E9C800DBD943 /* StoriesListViewRouter.swift */,
				9CF73F3A252F9DBC00DBD943 /* StoriesListPresenter.swift */,
				9C0D1DCE2525F9E500B73A3F /* StoriesListViewController.swift */,
				9C406179252F77C9002CDA3E /* StoryViewCell.swift */,
			);
			path = StoriesList;
			sourceTree = "<group>";
		};
		9C40617B252F8048002CDA3E /* UI */ = {
			isa = PBXGroup;
			children = (
				9C0D1DD02525F9E500B73A3F /* Main.storyboard */,
			);
			path = UI;
			sourceTree = "<group>";
		};
		9CF73F37252F9CC000DBD943 /* Presentation */ = {
			isa = PBXGroup;
			children = (
				9CF73F38252F9CFA00DBD943 /* StoriesListPresenterTests.swift */,
				9CF73F942534C46500DBD943 /* FavoritesListPresenterTests.swift */,
				9CF73F4E2530F33F00DBD943 /* StoryPresenterTests.swift */,
			);
			path = Presentation;
			sourceTree = "<group>";
		};
		9CF73F3C252FA17300DBD943 /* Presentation */ = {
			isa = PBXGroup;
			children = (
				9CF73F3D252FA1C100DBD943 /* StoriesListViewSpy.swift */,
				9CF73F3F25309E9100DBD943 /* StoryCellViewSpy.swift */,
				9CF73F4C2530ED3500DBD943 /* StoriesListViewRouterSpy.swift */,
				9CF73F8A253207BA00DBD943 /* StoryViewSpy.swift */,
				9CF73F522530F6C200DBD943 /* ParagraphCellViewSpy.swift */,
			);
			path = Presentation;
			sourceTree = "<group>";
		};
		9CF73F4B2530EC9000DBD943 /* Story */ = {
			isa = PBXGroup;
			children = (
				9CF73F8C253216ED00DBD943 /* StoryViewConfigurator.swift */,
				9CF73F502530F35700DBD943 /* StoryPresenter.swift */,
				9CF73F8E2532173F00DBD943 /* StoryViewController.swift */,
				9CF73F9025321E9300DBD943 /* ParagraphViewCell.swift */,
				9CF73F922532317600DBD943 /* FloatActionButton.swift */,
			);
			path = Story;
			sourceTree = "<group>";
		};
		9CF73F962534C51900DBD943 /* FavoritesList */ = {
			isa = PBXGroup;
			children = (
				9CF73F972534C53700DBD943 /* FavoritesListPresenter.swift */,
			);
			path = FavoritesList;
			sourceTree = "<group>";
		};
		9CF94208252B01A30089801D /* Frameworks */ = {
			isa = PBXGroup;
			children = (
				9CF94209252B01A30089801D /* Kingfisher.framework */,
				9CF9420A252B01A30089801D /* SwiftSoup.framework */,
			);
			name = Frameworks;
			sourceTree = "<group>";
		};
		9CF94217252CE94B0089801D /* CoreData */ = {
			isa = PBXGroup;
			children = (
				9CF94218252CE9D20089801D /* CoreDataStoriesLocalGateway.swift */,
			);
			path = CoreData;
			sourceTree = "<group>";
		};
/* End PBXGroup section */

/* Begin PBXNativeTarget section */
		9C0D1DC62525F9E500B73A3F /* HistoriasInfantis */ = {
			isa = PBXNativeTarget;
			buildConfigurationList = 9C0D1DE62525F9E800B73A3F /* Build configuration list for PBXNativeTarget "HistoriasInfantis" */;
			buildPhases = (
				9C0D1DC32525F9E500B73A3F /* Sources */,
				9C0D1DC42525F9E500B73A3F /* Frameworks */,
				9C0D1DC52525F9E500B73A3F /* Resources */,
				9CF9420F252B01A40089801D /* Embed Frameworks */,
				9CF94210252B01E10089801D /* ShellScript */,
			);
			buildRules = (
			);
			dependencies = (
			);
			name = HistoriasInfantis;
			productName = HistoriasInfantis;
			productReference = 9C0D1DC72525F9E500B73A3F /* HistoriasInfantis.app */;
			productType = "com.apple.product-type.application";
		};
		9C0D1DDC2525F9E800B73A3F /* HistoriasInfantisTests */ = {
			isa = PBXNativeTarget;
			buildConfigurationList = 9C0D1DE92525F9E800B73A3F /* Build configuration list for PBXNativeTarget "HistoriasInfantisTests" */;
			buildPhases = (
				9C0D1DD92525F9E800B73A3F /* Sources */,
				9C0D1DDA2525F9E800B73A3F /* Frameworks */,
				9C0D1DDB2525F9E800B73A3F /* Resources */,
			);
			buildRules = (
			);
			dependencies = (
				9C0D1DDF2525F9E800B73A3F /* PBXTargetDependency */,
			);
			name = HistoriasInfantisTests;
			productName = HistoriasInfantisTests;
			productReference = 9C0D1DDD2525F9E800B73A3F /* HistoriasInfantisTests.xctest */;
			productType = "com.apple.product-type.bundle.unit-test";
		};
/* End PBXNativeTarget section */

/* Begin PBXProject section */
		9C0D1DBF2525F9E500B73A3F /* Project object */ = {
			isa = PBXProject;
			attributes = {
				LastSwiftUpdateCheck = 1170;
				LastUpgradeCheck = 1170;
				ORGANIZATIONNAME = "Márcio Oliveira";
				TargetAttributes = {
					9C0D1DC62525F9E500B73A3F = {
						CreatedOnToolsVersion = 11.7;
					};
					9C0D1DDC2525F9E800B73A3F = {
						CreatedOnToolsVersion = 11.7;
						TestTargetID = 9C0D1DC62525F9E500B73A3F;
					};
				};
			};
			buildConfigurationList = 9C0D1DC22525F9E500B73A3F /* Build configuration list for PBXProject "HistoriasInfantis" */;
			compatibilityVersion = "Xcode 9.3";
			developmentRegion = en;
			hasScannedForEncodings = 0;
			knownRegions = (
				en,
				Base,
			);
			mainGroup = 9C0D1DBE2525F9E500B73A3F;
			productRefGroup = 9C0D1DC82525F9E500B73A3F /* Products */;
			projectDirPath = "";
			projectRoot = "";
			targets = (
				9C0D1DC62525F9E500B73A3F /* HistoriasInfantis */,
				9C0D1DDC2525F9E800B73A3F /* HistoriasInfantisTests */,
			);
		};
/* End PBXProject section */

/* Begin PBXResourcesBuildPhase section */
		9C0D1DC52525F9E500B73A3F /* Resources */ = {
			isa = PBXResourcesBuildPhase;
			buildActionMask = 2147483647;
			files = (
				9C0D1DD72525F9E800B73A3F /* LaunchScreen.storyboard in Resources */,
				9C0D1DD42525F9E800B73A3F /* Assets.xcassets in Resources */,
				9C0D1DD22525F9E500B73A3F /* Main.storyboard in Resources */,
			);
			runOnlyForDeploymentPostprocessing = 0;
		};
		9C0D1DDB2525F9E800B73A3F /* Resources */ = {
			isa = PBXResourcesBuildPhase;
			buildActionMask = 2147483647;
			files = (
			);
			runOnlyForDeploymentPostprocessing = 0;
		};
/* End PBXResourcesBuildPhase section */

/* Begin PBXShellScriptBuildPhase section */
		9CF94210252B01E10089801D /* ShellScript */ = {
			isa = PBXShellScriptBuildPhase;
			buildActionMask = 2147483647;
			files = (
			);
			inputFileListPaths = (
			);
			inputPaths = (
				"$(SRCROOT)/Carthage/Build/iOS/Kingfisher.framework",
				"$(SRCROOT)/Carthage/Build/iOS/SwiftSoup.framework",
			);
			outputFileListPaths = (
			);
			outputPaths = (
			);
			runOnlyForDeploymentPostprocessing = 0;
			shellPath = /bin/sh;
			shellScript = "# Type a script or drag a script file from your workspace to insert its path.\n/usr/local/bin/carthage copy-frameworks\n";
		};
/* End PBXShellScriptBuildPhase section */

/* Begin PBXSourcesBuildPhase section */
		9C0D1DC32525F9E500B73A3F /* Sources */ = {
			isa = PBXSourcesBuildPhase;
			buildActionMask = 2147483647;
			files = (
				9CF73F4A2530E9C800DBD943 /* StoriesListViewRouter.swift in Sources */,
				9C0D1DCF2525F9E500B73A3F /* StoriesListViewController.swift in Sources */,
				9CF73F3B252F9DBC00DBD943 /* StoriesListPresenter.swift in Sources */,
				9CF73F462530C4A200DBD943 /* TabBarViewController.swift in Sources */,
				9C0D1DF32526191F00B73A3F /* Result.swift in Sources */,
				9CF94212252B02E30089801D /* HtmlParser.swift in Sources */,
				9C0D1E0A25264F5E00B73A3F /* StoriesLocalGateway.swift in Sources */,
				9CF73F422530A9BD00DBD943 /* AppEnvironment.swift in Sources */,
				9CF73F512530F35700DBD943 /* StoryPresenter.swift in Sources */,
				9CF73F482530E99200DBD943 /* ViewRouter.swift in Sources */,
				9C40617A252F77C9002CDA3E /* StoryViewCell.swift in Sources */,
				9C0D1DFD252633B600B73A3F /* StoriesRepositoryImplementation.swift in Sources */,
				9C0D1DF12526158B00B73A3F /* DisplayStoriesListUseCase.swift in Sources */,
				9C0D1E172529D5AA00B73A3F /* URLSessionProtocol.swift in Sources */,
				9CF94219252CE9D20089801D /* CoreDataStoriesLocalGateway.swift in Sources */,
				9C0D1DCB2525F9E500B73A3F /* AppDelegate.swift in Sources */,
				9C0D1E102527493000B73A3F /* RequestNewStoriesUseCase.swift in Sources */,
				9CF73F8D253216ED00DBD943 /* StoryViewConfigurator.swift in Sources */,
				9CF94221252F469E0089801D /* StoriesGateway.swift in Sources */,
				9CF9421F252F45660089801D /* StoriesRepository.swift in Sources */,
				9CF73F8F2532173F00DBD943 /* StoryViewController.swift in Sources */,
				9CB70E892534CC0C0096FA25 /* BaseStoriesListPresenter.swift in Sources */,
				9C0D1DCD2525F9E500B73A3F /* SceneDelegate.swift in Sources */,
				9CF73F9125321E9300DBD943 /* ParagraphViewCell.swift in Sources */,
				9CF73F442530AFAA00DBD943 /* StoriesListViewConfigurator.swift in Sources */,
				9C0D1E1225276FE300B73A3F /* StoriesGatewayImplementation.swift in Sources */,
				9C0D1DF625261A1600B73A3F /* Story.swift in Sources */,
				9CF73F982534C53700DBD943 /* FavoritesListPresenter.swift in Sources */,
				9CF73F932532317600DBD943 /* FloatActionButton.swift in Sources */,
				9CF942072529F6B30089801D /* StoriesEntity.swift in Sources */,
			);
			runOnlyForDeploymentPostprocessing = 0;
		};
		9C0D1DD92525F9E800B73A3F /* Sources */ = {
			isa = PBXSourcesBuildPhase;
			buildActionMask = 2147483647;
			files = (
				9CF73F4F2530F33F00DBD943 /* StoryPresenterTests.swift in Sources */,
				9C0D1E142527750800B73A3F /* FakeStoriesGateway.swift in Sources */,
				9CF94214252B04000089801D /* FakeHtmlParser.swift in Sources */,
				9C0D1E01252634BD00B73A3F /* FakeStoriesRepository.swift in Sources */,
				9CF73F532530F6C200DBD943 /* ParagraphCellViewSpy.swift in Sources */,
				9CF73F4D2530ED3500DBD943 /* StoriesListViewRouterSpy.swift in Sources */,
				9C0D1E0E252747EB00B73A3F /* RequestNewStoriesUseCaseTests.swift in Sources */,
				9CF73F8B253207BA00DBD943 /* StoryViewSpy.swift in Sources */,
				9CF73F952534C46500DBD943 /* FavoritesListPresenterTests.swift in Sources */,
				9C0D1E1B2529D87600B73A3F /* URLSessionStub.swift in Sources */,
				9CF73F4025309E9100DBD943 /* StoryCellViewSpy.swift in Sources */,
				9C0D1DE22525F9E800B73A3F /* DisplayStoriesUseCaseTests.swift in Sources */,
				9C0D1E0625264D5100B73A3F /* StoriesRepositoryTests.swift in Sources */,
				9CF94216252B09910089801D /* HtmlParserTests.swift in Sources */,
				9C0D1E0C25264FF200B73A3F /* FakeStoriesLocalGateway.swift in Sources */,
				9C0D1E1D2529D9D500B73A3F /* StoriesGatewayTest.swift in Sources */,
				9CF73F39252F9CFA00DBD943 /* StoriesListPresenterTests.swift in Sources */,
				9CF73F3E252FA1C100DBD943 /* StoriesListViewSpy.swift in Sources */,
				9CF9421D252CF1CF0089801D /* StoriesLocalGatewayTests.swift in Sources */,
			);
			runOnlyForDeploymentPostprocessing = 0;
		};
/* End PBXSourcesBuildPhase section */

/* Begin PBXTargetDependency section */
		9C0D1DDF2525F9E800B73A3F /* PBXTargetDependency */ = {
			isa = PBXTargetDependency;
			target = 9C0D1DC62525F9E500B73A3F /* HistoriasInfantis */;
			targetProxy = 9C0D1DDE2525F9E800B73A3F /* PBXContainerItemProxy */;
		};
/* End PBXTargetDependency section */

/* Begin PBXVariantGroup section */
		9C0D1DD02525F9E500B73A3F /* Main.storyboard */ = {
			isa = PBXVariantGroup;
			children = (
				9C0D1DD12525F9E500B73A3F /* Base */,
			);
			name = Main.storyboard;
			sourceTree = "<group>";
		};
		9C0D1DD52525F9E800B73A3F /* LaunchScreen.storyboard */ = {
			isa = PBXVariantGroup;
			children = (
				9C0D1DD62525F9E800B73A3F /* Base */,
			);
			name = LaunchScreen.storyboard;
			sourceTree = "<group>";
		};
/* End PBXVariantGroup section */

/* Begin XCBuildConfiguration section */
		9C0D1DE42525F9E800B73A3F /* Debug */ = {
			isa = XCBuildConfiguration;
			buildSettings = {
				ALWAYS_SEARCH_USER_PATHS = NO;
				CLANG_ANALYZER_NONNULL = YES;
				CLANG_ANALYZER_NUMBER_OBJECT_CONVERSION = YES_AGGRESSIVE;
				CLANG_CXX_LANGUAGE_STANDARD = "gnu++14";
				CLANG_CXX_LIBRARY = "libc++";
				CLANG_ENABLE_MODULES = YES;
				CLANG_ENABLE_OBJC_ARC = YES;
				CLANG_ENABLE_OBJC_WEAK = YES;
				CLANG_WARN_BLOCK_CAPTURE_AUTORELEASING = YES;
				CLANG_WARN_BOOL_CONVERSION = YES;
				CLANG_WARN_COMMA = YES;
				CLANG_WARN_CONSTANT_CONVERSION = YES;
				CLANG_WARN_DEPRECATED_OBJC_IMPLEMENTATIONS = YES;
				CLANG_WARN_DIRECT_OBJC_ISA_USAGE = YES_ERROR;
				CLANG_WARN_DOCUMENTATION_COMMENTS = YES;
				CLANG_WARN_EMPTY_BODY = YES;
				CLANG_WARN_ENUM_CONVERSION = YES;
				CLANG_WARN_INFINITE_RECURSION = YES;
				CLANG_WARN_INT_CONVERSION = YES;
				CLANG_WARN_NON_LITERAL_NULL_CONVERSION = YES;
				CLANG_WARN_OBJC_IMPLICIT_RETAIN_SELF = YES;
				CLANG_WARN_OBJC_LITERAL_CONVERSION = YES;
				CLANG_WARN_OBJC_ROOT_CLASS = YES_ERROR;
				CLANG_WARN_RANGE_LOOP_ANALYSIS = YES;
				CLANG_WARN_STRICT_PROTOTYPES = YES;
				CLANG_WARN_SUSPICIOUS_MOVE = YES;
				CLANG_WARN_UNGUARDED_AVAILABILITY = YES_AGGRESSIVE;
				CLANG_WARN_UNREACHABLE_CODE = YES;
				CLANG_WARN__DUPLICATE_METHOD_MATCH = YES;
				COPY_PHASE_STRIP = NO;
				DEBUG_INFORMATION_FORMAT = dwarf;
				ENABLE_STRICT_OBJC_MSGSEND = YES;
				ENABLE_TESTABILITY = YES;
				GCC_C_LANGUAGE_STANDARD = gnu11;
				GCC_DYNAMIC_NO_PIC = NO;
				GCC_NO_COMMON_BLOCKS = YES;
				GCC_OPTIMIZATION_LEVEL = 0;
				GCC_PREPROCESSOR_DEFINITIONS = (
					"DEBUG=1",
					"$(inherited)",
				);
				GCC_WARN_64_TO_32_BIT_CONVERSION = YES;
				GCC_WARN_ABOUT_RETURN_TYPE = YES_ERROR;
				GCC_WARN_UNDECLARED_SELECTOR = YES;
				GCC_WARN_UNINITIALIZED_AUTOS = YES_AGGRESSIVE;
				GCC_WARN_UNUSED_FUNCTION = YES;
				GCC_WARN_UNUSED_VARIABLE = YES;
				IPHONEOS_DEPLOYMENT_TARGET = 13.7;
				MTL_ENABLE_DEBUG_INFO = INCLUDE_SOURCE;
				MTL_FAST_MATH = YES;
				ONLY_ACTIVE_ARCH = YES;
				SDKROOT = iphoneos;
				SWIFT_ACTIVE_COMPILATION_CONDITIONS = DEBUG;
				SWIFT_OPTIMIZATION_LEVEL = "-Onone";
			};
			name = Debug;
		};
		9C0D1DE52525F9E800B73A3F /* Release */ = {
			isa = XCBuildConfiguration;
			buildSettings = {
				ALWAYS_SEARCH_USER_PATHS = NO;
				CLANG_ANALYZER_NONNULL = YES;
				CLANG_ANALYZER_NUMBER_OBJECT_CONVERSION = YES_AGGRESSIVE;
				CLANG_CXX_LANGUAGE_STANDARD = "gnu++14";
				CLANG_CXX_LIBRARY = "libc++";
				CLANG_ENABLE_MODULES = YES;
				CLANG_ENABLE_OBJC_ARC = YES;
				CLANG_ENABLE_OBJC_WEAK = YES;
				CLANG_WARN_BLOCK_CAPTURE_AUTORELEASING = YES;
				CLANG_WARN_BOOL_CONVERSION = YES;
				CLANG_WARN_COMMA = YES;
				CLANG_WARN_CONSTANT_CONVERSION = YES;
				CLANG_WARN_DEPRECATED_OBJC_IMPLEMENTATIONS = YES;
				CLANG_WARN_DIRECT_OBJC_ISA_USAGE = YES_ERROR;
				CLANG_WARN_DOCUMENTATION_COMMENTS = YES;
				CLANG_WARN_EMPTY_BODY = YES;
				CLANG_WARN_ENUM_CONVERSION = YES;
				CLANG_WARN_INFINITE_RECURSION = YES;
				CLANG_WARN_INT_CONVERSION = YES;
				CLANG_WARN_NON_LITERAL_NULL_CONVERSION = YES;
				CLANG_WARN_OBJC_IMPLICIT_RETAIN_SELF = YES;
				CLANG_WARN_OBJC_LITERAL_CONVERSION = YES;
				CLANG_WARN_OBJC_ROOT_CLASS = YES_ERROR;
				CLANG_WARN_RANGE_LOOP_ANALYSIS = YES;
				CLANG_WARN_STRICT_PROTOTYPES = YES;
				CLANG_WARN_SUSPICIOUS_MOVE = YES;
				CLANG_WARN_UNGUARDED_AVAILABILITY = YES_AGGRESSIVE;
				CLANG_WARN_UNREACHABLE_CODE = YES;
				CLANG_WARN__DUPLICATE_METHOD_MATCH = YES;
				COPY_PHASE_STRIP = NO;
				DEBUG_INFORMATION_FORMAT = "dwarf-with-dsym";
				ENABLE_NS_ASSERTIONS = NO;
				ENABLE_STRICT_OBJC_MSGSEND = YES;
				GCC_C_LANGUAGE_STANDARD = gnu11;
				GCC_NO_COMMON_BLOCKS = YES;
				GCC_WARN_64_TO_32_BIT_CONVERSION = YES;
				GCC_WARN_ABOUT_RETURN_TYPE = YES_ERROR;
				GCC_WARN_UNDECLARED_SELECTOR = YES;
				GCC_WARN_UNINITIALIZED_AUTOS = YES_AGGRESSIVE;
				GCC_WARN_UNUSED_FUNCTION = YES;
				GCC_WARN_UNUSED_VARIABLE = YES;
				IPHONEOS_DEPLOYMENT_TARGET = 13.7;
				MTL_ENABLE_DEBUG_INFO = NO;
				MTL_FAST_MATH = YES;
				SDKROOT = iphoneos;
				SWIFT_COMPILATION_MODE = wholemodule;
				SWIFT_OPTIMIZATION_LEVEL = "-O";
				VALIDATE_PRODUCT = YES;
			};
			name = Release;
		};
		9C0D1DE72525F9E800B73A3F /* Debug */ = {
			isa = XCBuildConfiguration;
			buildSettings = {
				ASSETCATALOG_COMPILER_APPICON_NAME = AppIcon;
				CODE_SIGN_STYLE = Automatic;
				DEVELOPMENT_TEAM = 36PZ948353;
				FRAMEWORK_SEARCH_PATHS = (
					"$(inherited)",
					"$(PROJECT_DIR)/Carthage/Build/iOS",
				);
				INFOPLIST_FILE = HistoriasInfantis/Info.plist;
				LD_RUNPATH_SEARCH_PATHS = (
					"$(inherited)",
					"@executable_path/Frameworks",
				);
				PRODUCT_BUNDLE_IDENTIFIER = com.marcio.HistoriasInfantis;
				PRODUCT_NAME = "$(TARGET_NAME)";
				SWIFT_VERSION = 5.0;
				TARGETED_DEVICE_FAMILY = "1,2";
			};
			name = Debug;
		};
		9C0D1DE82525F9E800B73A3F /* Release */ = {
			isa = XCBuildConfiguration;
			buildSettings = {
				ASSETCATALOG_COMPILER_APPICON_NAME = AppIcon;
				CODE_SIGN_STYLE = Automatic;
				DEVELOPMENT_TEAM = 36PZ948353;
				FRAMEWORK_SEARCH_PATHS = (
					"$(inherited)",
					"$(PROJECT_DIR)/Carthage/Build/iOS",
				);
				INFOPLIST_FILE = HistoriasInfantis/Info.plist;
				LD_RUNPATH_SEARCH_PATHS = (
					"$(inherited)",
					"@executable_path/Frameworks",
				);
				PRODUCT_BUNDLE_IDENTIFIER = com.marcio.HistoriasInfantis;
				PRODUCT_NAME = "$(TARGET_NAME)";
				SWIFT_VERSION = 5.0;
				TARGETED_DEVICE_FAMILY = "1,2";
			};
			name = Release;
		};
		9C0D1DEA2525F9E800B73A3F /* Debug */ = {
			isa = XCBuildConfiguration;
			buildSettings = {
				ALWAYS_EMBED_SWIFT_STANDARD_LIBRARIES = YES;
				BUNDLE_LOADER = "$(TEST_HOST)";
				CODE_SIGN_STYLE = Automatic;
				DEVELOPMENT_TEAM = 36PZ948353;
				INFOPLIST_FILE = HistoriasInfantisTests/Info.plist;
				IPHONEOS_DEPLOYMENT_TARGET = 13.7;
				LD_RUNPATH_SEARCH_PATHS = (
					"$(inherited)",
					"@executable_path/Frameworks",
					"@loader_path/Frameworks",
				);
				PRODUCT_BUNDLE_IDENTIFIER = com.marcio.HistoriasInfantisTests;
				PRODUCT_NAME = "$(TARGET_NAME)";
				SWIFT_VERSION = 5.0;
				TARGETED_DEVICE_FAMILY = "1,2";
				TEST_HOST = "$(BUILT_PRODUCTS_DIR)/HistoriasInfantis.app/HistoriasInfantis";
			};
			name = Debug;
		};
		9C0D1DEB2525F9E800B73A3F /* Release */ = {
			isa = XCBuildConfiguration;
			buildSettings = {
				ALWAYS_EMBED_SWIFT_STANDARD_LIBRARIES = YES;
				BUNDLE_LOADER = "$(TEST_HOST)";
				CODE_SIGN_STYLE = Automatic;
				DEVELOPMENT_TEAM = 36PZ948353;
				INFOPLIST_FILE = HistoriasInfantisTests/Info.plist;
				IPHONEOS_DEPLOYMENT_TARGET = 13.7;
				LD_RUNPATH_SEARCH_PATHS = (
					"$(inherited)",
					"@executable_path/Frameworks",
					"@loader_path/Frameworks",
				);
				PRODUCT_BUNDLE_IDENTIFIER = com.marcio.HistoriasInfantisTests;
				PRODUCT_NAME = "$(TARGET_NAME)";
				SWIFT_VERSION = 5.0;
				TARGETED_DEVICE_FAMILY = "1,2";
				TEST_HOST = "$(BUILT_PRODUCTS_DIR)/HistoriasInfantis.app/HistoriasInfantis";
			};
			name = Release;
		};
/* End XCBuildConfiguration section */

/* Begin XCConfigurationList section */
		9C0D1DC22525F9E500B73A3F /* Build configuration list for PBXProject "HistoriasInfantis" */ = {
			isa = XCConfigurationList;
			buildConfigurations = (
				9C0D1DE42525F9E800B73A3F /* Debug */,
				9C0D1DE52525F9E800B73A3F /* Release */,
			);
			defaultConfigurationIsVisible = 0;
			defaultConfigurationName = Release;
		};
		9C0D1DE62525F9E800B73A3F /* Build configuration list for PBXNativeTarget "HistoriasInfantis" */ = {
			isa = XCConfigurationList;
			buildConfigurations = (
				9C0D1DE72525F9E800B73A3F /* Debug */,
				9C0D1DE82525F9E800B73A3F /* Release */,
			);
			defaultConfigurationIsVisible = 0;
			defaultConfigurationName = Release;
		};
		9C0D1DE92525F9E800B73A3F /* Build configuration list for PBXNativeTarget "HistoriasInfantisTests" */ = {
			isa = XCConfigurationList;
			buildConfigurations = (
				9C0D1DEA2525F9E800B73A3F /* Debug */,
				9C0D1DEB2525F9E800B73A3F /* Release */,
			);
			defaultConfigurationIsVisible = 0;
			defaultConfigurationName = Release;
		};
/* End XCConfigurationList section */
	};
	rootObject = 9C0D1DBF2525F9E500B73A3F /* Project object */;
}
